{
    "version": 3,
    "terraform_version": "0.11.11",
    "serial": 8,
    "lineage": "443b4cea-3003-4c2f-7688-647aecb982a7",
    "modules": [
        {
            "path": [
                "root"
            ],
            "outputs": {},
            "resources": {
                "azurerm_resource_group.projet_cloud": {
                    "type": "azurerm_resource_group",
                    "depends_on": [],
                    "primary": {
                        "id": "/subscriptions/5676dab6-5cb6-4e7d-8a58-387bd8399714/resourceGroups/project_cloud",
                        "attributes": {
                            "id": "/subscriptions/5676dab6-5cb6-4e7d-8a58-387bd8399714/resourceGroups/project_cloud",
                            "location": "francecentral",
                            "name": "project_cloud",
                            "tags.%": "1",
                            "tags.Owner": "Souissi Mohamed"
                        },
                        "meta": {},
                        "tainted": false
                    },
                    "deposed": [],
                    "provider": "provider.azurerm"
                }
            },
            "depends_on": []
        }
    ]
}
