{
    "version": 3,
    "terraform_version": "0.11.11",
    "serial": 16,
    "lineage": "443b4cea-3003-4c2f-7688-647aecb982a7",
    "modules": [
        {
            "path": [
                "root"
            ],
            "outputs": {},
            "resources": {
                "azurerm_app_service.project_cloud": {
                    "type": "azurerm_app_service",
                    "depends_on": [
                        "azurerm_app_service_plan.project_cloud",
                        "azurerm_resource_group.project_cloud"
                    ],
                    "primary": {
                        "id": "/subscriptions/5676dab6-5cb6-4e7d-8a58-387bd8399714/resourceGroups/project_cloud/providers/Microsoft.Web/sites/cloudXAppService",
                        "attributes": {
                            "app_service_plan_id": "/subscriptions/5676dab6-5cb6-4e7d-8a58-387bd8399714/resourceGroups/project_cloud/providers/Microsoft.Web/serverfarms/cloudXAppServicePlan",
                            "app_settings.%": "1",
                            "app_settings.WEBSITE_NODE_DEFAULT_VERSION": "10 LTS",
                            "auth_settings.#": "1",
                            "auth_settings.0.active_directory.#": "0",
                            "auth_settings.0.additional_login_params.%": "0",
                            "auth_settings.0.allowed_external_redirect_urls.#": "0",
                            "auth_settings.0.default_provider": "",
                            "auth_settings.0.enabled": "false",
                            "auth_settings.0.facebook.#": "0",
                            "auth_settings.0.google.#": "0",
                            "auth_settings.0.issuer": "",
                            "auth_settings.0.microsoft.#": "0",
                            "auth_settings.0.runtime_version": "",
                            "auth_settings.0.token_refresh_extension_hours": "0",
                            "auth_settings.0.token_store_enabled": "false",
                            "auth_settings.0.twitter.#": "0",
                            "auth_settings.0.unauthenticated_client_action": "",
                            "backup.#": "0",
                            "client_affinity_enabled": "true",
                            "client_cert_enabled": "false",
                            "connection_string.#": "1",
                            "connection_string.1263902994.name": "Database",
                            "connection_string.1263902994.type": "SQLServer",
                            "connection_string.1263902994.value": "Server=mysqlservercloudx.mydomain.com;Integrated Security=SSPI",
                            "default_site_hostname": "cloudxappservice.azurewebsites.net",
                            "enabled": "true",
                            "https_only": "false",
                            "id": "/subscriptions/5676dab6-5cb6-4e7d-8a58-387bd8399714/resourceGroups/project_cloud/providers/Microsoft.Web/sites/cloudXAppService",
                            "identity.#": "0",
                            "location": "francecentral",
                            "logs.#": "1",
                            "logs.0.application_logs.#": "1",
                            "logs.0.application_logs.0.azure_blob_storage.#": "0",
                            "logs.0.http_logs.#": "1",
                            "logs.0.http_logs.0.azure_blob_storage.#": "0",
                            "logs.0.http_logs.0.file_system.#": "0",
                            "name": "cloudXAppService",
                            "outbound_ip_addresses": "40.89.131.148,40.89.142.231,40.89.143.1,40.89.136.129,40.89.137.32",
                            "possible_outbound_ip_addresses": "40.89.131.148,40.89.142.231,40.89.143.1,40.89.136.129,40.89.137.32,40.89.141.38,40.89.137.122,40.89.136.182",
                            "resource_group_name": "project_cloud",
                            "site_config.#": "1",
                            "site_config.0.always_on": "false",
                            "site_config.0.app_command_line": "",
                            "site_config.0.auto_swap_slot_name": "",
                            "site_config.0.cors.#": "1",
                            "site_config.0.cors.0.allowed_origins.#": "0",
                            "site_config.0.cors.0.support_credentials": "false",
                            "site_config.0.default_documents.#": "9",
                            "site_config.0.default_documents.0": "Default.htm",
                            "site_config.0.default_documents.1": "Default.html",
                            "site_config.0.default_documents.2": "Default.asp",
                            "site_config.0.default_documents.3": "index.htm",
                            "site_config.0.default_documents.4": "index.html",
                            "site_config.0.default_documents.5": "iisstart.htm",
                            "site_config.0.default_documents.6": "default.aspx",
                            "site_config.0.default_documents.7": "index.php",
                            "site_config.0.default_documents.8": "hostingstart.html",
                            "site_config.0.dotnet_framework_version": "v4.0",
                            "site_config.0.ftps_state": "AllAllowed",
                            "site_config.0.http2_enabled": "false",
                            "site_config.0.ip_restriction.#": "0",
                            "site_config.0.java_container": "",
                            "site_config.0.java_container_version": "",
                            "site_config.0.java_version": "",
                            "site_config.0.linux_fx_version": "",
                            "site_config.0.local_mysql_enabled": "false",
                            "site_config.0.managed_pipeline_mode": "Integrated",
                            "site_config.0.min_tls_version": "1.2",
                            "site_config.0.php_version": "5.6",
                            "site_config.0.python_version": "",
                            "site_config.0.remote_debugging_enabled": "false",
                            "site_config.0.remote_debugging_version": "VS2019",
                            "site_config.0.scm_type": "GitHub",
                            "site_config.0.use_32_bit_worker_process": "true",
                            "site_config.0.virtual_network_name": "",
                            "site_config.0.websockets_enabled": "false",
                            "site_config.0.windows_fx_version": "",
                            "site_credential.#": "1",
                            "site_credential.0.password": "dTRT1LNt6h0bRSn9yeE83W5mFvZgCzmveDb9aT8MC7GkW6m9sJZljgfR2wlo",
                            "site_credential.0.username": "$cloudXAppService",
                            "source_control.#": "1",
                            "source_control.0.branch": "master",
                            "source_control.0.repo_url": "https://github.com/moxxxa/projet_cloud",
                            "storage_account.#": "0",
                            "tags.%": "0"
                        },
                        "meta": {},
                        "tainted": false
                    },
                    "deposed": [],
                    "provider": "provider.azurerm"
                },
                "azurerm_app_service_plan.project_cloud": {
                    "type": "azurerm_app_service_plan",
                    "depends_on": [
                        "azurerm_resource_group.project_cloud"
                    ],
                    "primary": {
                        "id": "/subscriptions/5676dab6-5cb6-4e7d-8a58-387bd8399714/resourceGroups/project_cloud/providers/Microsoft.Web/serverfarms/cloudXAppServicePlan",
                        "attributes": {
                            "id": "/subscriptions/5676dab6-5cb6-4e7d-8a58-387bd8399714/resourceGroups/project_cloud/providers/Microsoft.Web/serverfarms/cloudXAppServicePlan",
                            "is_xenon": "false",
                            "kind": "Windows",
                            "location": "francecentral",
                            "maximum_elastic_worker_count": "1",
                            "maximum_number_of_workers": "10",
                            "name": "cloudXAppServicePlan",
                            "per_site_scaling": "false",
                            "properties.#": "1",
                            "properties.0.app_service_environment_id": "",
                            "properties.0.per_site_scaling": "false",
                            "properties.0.reserved": "false",
                            "reserved": "false",
                            "resource_group_name": "project_cloud",
                            "sku.#": "1",
                            "sku.0.capacity": "1",
                            "sku.0.size": "S1",
                            "sku.0.tier": "Standard",
                            "tags.%": "0"
                        },
                        "meta": {},
                        "tainted": false
                    },
                    "deposed": [],
                    "provider": "provider.azurerm"
                },
                "azurerm_resource_group.project_cloud": {
                    "type": "azurerm_resource_group",
                    "depends_on": [],
                    "primary": {
                        "id": "/subscriptions/5676dab6-5cb6-4e7d-8a58-387bd8399714/resourceGroups/project_cloud",
                        "attributes": {
                            "id": "/subscriptions/5676dab6-5cb6-4e7d-8a58-387bd8399714/resourceGroups/project_cloud",
                            "location": "francecentral",
                            "name": "project_cloud",
                            "tags.%": "1",
                            "tags.Owner": "Souissi Mohamed"
                        },
                        "meta": {},
                        "tainted": false
                    },
                    "deposed": [],
                    "provider": "provider.azurerm"
                },
                "azurerm_sql_database.project_cloud": {
                    "type": "azurerm_sql_database",
                    "depends_on": [
                        "azurerm_resource_group.project_cloud",
                        "azurerm_sql_server.project_cloud"
                    ],
                    "primary": {
                        "id": "/subscriptions/5676dab6-5cb6-4e7d-8a58-387bd8399714/resourceGroups/project_cloud/providers/Microsoft.Sql/servers/mysqlservercloudx/databases/cloud",
                        "attributes": {
                            "collation": "SQL_Latin1_General_CP1_CI_AS",
                            "create_mode": "Default",
                            "creation_date": "2020-01-25T23:05:51.48Z",
                            "default_secondary_location": "France South",
                            "edition": "Standard",
                            "elastic_pool_name": "",
                            "encryption": "",
                            "id": "/subscriptions/5676dab6-5cb6-4e7d-8a58-387bd8399714/resourceGroups/project_cloud/providers/Microsoft.Sql/servers/mysqlservercloudx/databases/cloud",
                            "location": "francecentral",
                            "max_size_bytes": "268435456000",
                            "name": "cloud",
                            "read_scale": "false",
                            "requested_service_objective_id": "1b1ebd4d-d903-4baa-97f9-4ea675f5e928",
                            "requested_service_objective_name": "S1",
                            "resource_group_name": "project_cloud",
                            "server_name": "mysqlservercloudx",
                            "tags.%": "1",
                            "tags.environment": "production",
                            "threat_detection_policy.#": "1",
                            "threat_detection_policy.0.disabled_alerts.#": "0",
                            "threat_detection_policy.0.email_account_admins": "Disabled",
                            "threat_detection_policy.0.email_addresses.#": "0",
                            "threat_detection_policy.0.retention_days": "0",
                            "threat_detection_policy.0.state": "Disabled",
                            "threat_detection_policy.0.storage_account_access_key": "",
                            "threat_detection_policy.0.storage_endpoint": "",
                            "threat_detection_policy.0.use_server_default": "Disabled"
                        },
                        "meta": {},
                        "tainted": false
                    },
                    "deposed": [],
                    "provider": "provider.azurerm"
                },
                "azurerm_sql_firewall_rule.project_cloud": {
                    "type": "azurerm_sql_firewall_rule",
                    "depends_on": [
                        "azurerm_resource_group.project_cloud",
                        "azurerm_sql_server.project_cloud"
                    ],
                    "primary": {
                        "id": "/subscriptions/5676dab6-5cb6-4e7d-8a58-387bd8399714/resourceGroups/project_cloud/providers/Microsoft.Sql/servers/mysqlservercloudx/firewallRules/FirewallRule1",
                        "attributes": {
                            "end_ip_address": "255.255.255.255",
                            "id": "/subscriptions/5676dab6-5cb6-4e7d-8a58-387bd8399714/resourceGroups/project_cloud/providers/Microsoft.Sql/servers/mysqlservercloudx/firewallRules/FirewallRule1",
                            "name": "FirewallRule1",
                            "resource_group_name": "project_cloud",
                            "server_name": "mysqlservercloudx",
                            "start_ip_address": "0.0.0.0"
                        },
                        "meta": {},
                        "tainted": false
                    },
                    "deposed": [],
                    "provider": "provider.azurerm"
                },
                "azurerm_sql_server.project_cloud": {
                    "type": "azurerm_sql_server",
                    "depends_on": [
                        "azurerm_resource_group.project_cloud"
                    ],
                    "primary": {
                        "id": "/subscriptions/5676dab6-5cb6-4e7d-8a58-387bd8399714/resourceGroups/project_cloud/providers/Microsoft.Sql/servers/mysqlservercloudx",
                        "attributes": {
                            "administrator_login": "ad007min",
                            "administrator_login_password": "4-v3ry-53cr37-p455w0rd",
                            "fully_qualified_domain_name": "mysqlservercloudx.database.windows.net",
                            "id": "/subscriptions/5676dab6-5cb6-4e7d-8a58-387bd8399714/resourceGroups/project_cloud/providers/Microsoft.Sql/servers/mysqlservercloudx",
                            "identity.#": "0",
                            "location": "francecentral",
                            "name": "mysqlservercloudx",
                            "resource_group_name": "project_cloud",
                            "tags.%": "0",
                            "version": "12.0"
                        },
                        "meta": {},
                        "tainted": false
                    },
                    "deposed": [],
                    "provider": "provider.azurerm"
                },
                "azurerm_storage_account.project_cloud": {
                    "type": "azurerm_storage_account",
                    "depends_on": [
                        "azurerm_resource_group.project_cloud"
                    ],
                    "primary": {
                        "id": "/subscriptions/5676dab6-5cb6-4e7d-8a58-387bd8399714/resourceGroups/project_cloud/providers/Microsoft.Storage/storageAccounts/storagecloudx",
                        "attributes": {
                            "access_tier": "",
                            "account_encryption_source": "Microsoft.Storage",
                            "account_kind": "Storage",
                            "account_replication_type": "LRS",
                            "account_tier": "Standard",
                            "account_type": "Standard_LRS",
                            "blob_properties.#": "1",
                            "blob_properties.0.delete_retention_policy.#": "0",
                            "enable_advanced_threat_protection": "false",
                            "enable_blob_encryption": "true",
                            "enable_file_encryption": "true",
                            "enable_https_traffic_only": "false",
                            "id": "/subscriptions/5676dab6-5cb6-4e7d-8a58-387bd8399714/resourceGroups/project_cloud/providers/Microsoft.Storage/storageAccounts/storagecloudx",
                            "identity.#": "0",
                            "is_hns_enabled": "false",
                            "location": "francecentral",
                            "name": "storagecloudx",
                            "network_rules.#": "1",
                            "network_rules.0.bypass.#": "1",
                            "network_rules.0.bypass.625562768": "AzureServices",
                            "network_rules.0.default_action": "Allow",
                            "network_rules.0.ip_rules.#": "0",
                            "network_rules.0.virtual_network_subnet_ids.#": "0",
                            "primary_access_key": "F+AC3AKhx7Y0DsXSZ+7ceue2gJnaxZjHhS1hCMF4c+uVYLfsuSMwHOSsCRQFjaziN8/xawq6Ql8fiJIJwTG2Zg==",
                            "primary_blob_connection_string": "DefaultEndpointsProtocol=https;BlobEndpoint=https://storagecloudx.blob.core.windows.net/;AccountName=storagecloudx;AccountKey=F+AC3AKhx7Y0DsXSZ+7ceue2gJnaxZjHhS1hCMF4c+uVYLfsuSMwHOSsCRQFjaziN8/xawq6Ql8fiJIJwTG2Zg==",
                            "primary_blob_endpoint": "https://storagecloudx.blob.core.windows.net/",
                            "primary_blob_host": "storagecloudx.blob.core.windows.net",
                            "primary_connection_string": "DefaultEndpointsProtocol=https;AccountName=storagecloudx;AccountKey=F+AC3AKhx7Y0DsXSZ+7ceue2gJnaxZjHhS1hCMF4c+uVYLfsuSMwHOSsCRQFjaziN8/xawq6Ql8fiJIJwTG2Zg==;EndpointSuffix=core.windows.net",
                            "primary_dfs_endpoint": "",
                            "primary_dfs_host": "",
                            "primary_file_endpoint": "https://storagecloudx.file.core.windows.net/",
                            "primary_file_host": "storagecloudx.file.core.windows.net",
                            "primary_location": "francecentral",
                            "primary_queue_endpoint": "https://storagecloudx.queue.core.windows.net/",
                            "primary_queue_host": "storagecloudx.queue.core.windows.net",
                            "primary_table_endpoint": "https://storagecloudx.table.core.windows.net/",
                            "primary_table_host": "storagecloudx.table.core.windows.net",
                            "primary_web_endpoint": "",
                            "primary_web_host": "",
                            "queue_properties.#": "1",
                            "queue_properties.0.cors_rule.#": "0",
                            "queue_properties.0.hour_metrics.#": "1",
                            "queue_properties.0.hour_metrics.0.enabled": "true",
                            "queue_properties.0.hour_metrics.0.include_apis": "true",
                            "queue_properties.0.hour_metrics.0.retention_policy_days": "7",
                            "queue_properties.0.hour_metrics.0.version": "1.0",
                            "queue_properties.0.logging.#": "1",
                            "queue_properties.0.logging.0.delete": "false",
                            "queue_properties.0.logging.0.read": "false",
                            "queue_properties.0.logging.0.retention_policy_days": "0",
                            "queue_properties.0.logging.0.version": "1.0",
                            "queue_properties.0.logging.0.write": "false",
                            "queue_properties.0.minute_metrics.#": "1",
                            "queue_properties.0.minute_metrics.0.enabled": "false",
                            "queue_properties.0.minute_metrics.0.include_apis": "false",
                            "queue_properties.0.minute_metrics.0.retention_policy_days": "0",
                            "queue_properties.0.minute_metrics.0.version": "1.0",
                            "resource_group_name": "project_cloud",
                            "secondary_access_key": "EQ95a+8zbD2p0KHoAXpl4PNE3v3vWyo+nCals0/YZp/F/tIASt+OsKDDBidYNXNnPHgu5xCctwItSfekU5Umsg==",
                            "secondary_blob_connection_string": "",
                            "secondary_connection_string": "DefaultEndpointsProtocol=https;AccountName=storagecloudx;AccountKey=EQ95a+8zbD2p0KHoAXpl4PNE3v3vWyo+nCals0/YZp/F/tIASt+OsKDDBidYNXNnPHgu5xCctwItSfekU5Umsg==;EndpointSuffix=core.windows.net",
                            "secondary_location": "",
                            "tags.%": "0"
                        },
                        "meta": {
                            "schema_version": "2"
                        },
                        "tainted": false
                    },
                    "deposed": [],
                    "provider": "provider.azurerm"
                }
            },
            "depends_on": []
        }
    ]
}
